// !$*UTF8*$!
{
	archiveVersion = 1;
	classes = {
	};
	objectVersion = 48;
	objects = {

/* Begin PBXBuildFile section */
		5097A7117040F290F609DE8A /* Pods_AdaptiveCardsTest.framework in Frameworks */ = {isa = PBXBuildFile; fileRef = 9496E19F798D260F3227A83E /* Pods_AdaptiveCardsTest.framework */; };
		B9043F511F92CD0600C0F923 /* AppDelegate.swift in Sources */ = {isa = PBXBuildFile; fileRef = B9043F501F92CD0600C0F923 /* AppDelegate.swift */; };
		B9043F531F92CD0600C0F923 /* ViewController.swift in Sources */ = {isa = PBXBuildFile; fileRef = B9043F521F92CD0600C0F923 /* ViewController.swift */; };
		B9043F561F92CD0600C0F923 /* Main.storyboard in Resources */ = {isa = PBXBuildFile; fileRef = B9043F541F92CD0600C0F923 /* Main.storyboard */; };
		B9043F581F92CD0600C0F923 /* Assets.xcassets in Resources */ = {isa = PBXBuildFile; fileRef = B9043F571F92CD0600C0F923 /* Assets.xcassets */; };
		B9043F5B1F92CD0600C0F923 /* LaunchScreen.storyboard in Resources */ = {isa = PBXBuildFile; fileRef = B9043F591F92CD0600C0F923 /* LaunchScreen.storyboard */; };
		B9D0C27A1F92D66100B3CB11 /* hostconfig.json in Resources */ = {isa = PBXBuildFile; fileRef = B9D0C2791F92D66100B3CB11 /* hostconfig.json */; };
		B9D0C27C1F92D67000B3CB11 /* card.json in Resources */ = {isa = PBXBuildFile; fileRef = B9D0C27B1F92D67000B3CB11 /* card.json */; };
		B9D0C27E1F92DF9500B3CB11 /* card2.json in Resources */ = {isa = PBXBuildFile; fileRef = B9D0C27D1F92DF9500B3CB11 /* card2.json */; };
/* End PBXBuildFile section */

/* Begin PBXFileReference section */
		4AAB59FF55C632B6F4F83ED6 /* Pods-AdaptiveCardsTest.release.xcconfig */ = {isa = PBXFileReference; includeInIndex = 1; lastKnownFileType = text.xcconfig; name = "Pods-AdaptiveCardsTest.release.xcconfig"; path = "Pods/Target Support Files/Pods-AdaptiveCardsTest/Pods-AdaptiveCardsTest.release.xcconfig"; sourceTree = "<group>"; };
		7C6256E55E4686F031A37EA5 /* Pods-AdaptiveCardsTest.debug.xcconfig */ = {isa = PBXFileReference; includeInIndex = 1; lastKnownFileType = text.xcconfig; name = "Pods-AdaptiveCardsTest.debug.xcconfig"; path = "Pods/Target Support Files/Pods-AdaptiveCardsTest/Pods-AdaptiveCardsTest.debug.xcconfig"; sourceTree = "<group>"; };
		9496E19F798D260F3227A83E /* Pods_AdaptiveCardsTest.framework */ = {isa = PBXFileReference; explicitFileType = wrapper.framework; includeInIndex = 0; path = Pods_AdaptiveCardsTest.framework; sourceTree = BUILT_PRODUCTS_DIR; };
		B9043F4D1F92CD0600C0F923 /* AdaptiveCardsTest.app */ = {isa = PBXFileReference; explicitFileType = wrapper.application; includeInIndex = 0; path = AdaptiveCardsTest.app; sourceTree = BUILT_PRODUCTS_DIR; };
		B9043F501F92CD0600C0F923 /* AppDelegate.swift */ = {isa = PBXFileReference; lastKnownFileType = sourcecode.swift; path = AppDelegate.swift; sourceTree = "<group>"; };
		B9043F521F92CD0600C0F923 /* ViewController.swift */ = {isa = PBXFileReference; lastKnownFileType = sourcecode.swift; path = ViewController.swift; sourceTree = "<group>"; };
		B9043F551F92CD0600C0F923 /* Base */ = {isa = PBXFileReference; lastKnownFileType = file.storyboard; name = Base; path = Base.lproj/Main.storyboard; sourceTree = "<group>"; };
		B9043F571F92CD0600C0F923 /* Assets.xcassets */ = {isa = PBXFileReference; lastKnownFileType = folder.assetcatalog; path = Assets.xcassets; sourceTree = "<group>"; };
		B9043F5A1F92CD0600C0F923 /* Base */ = {isa = PBXFileReference; lastKnownFileType = file.storyboard; name = Base; path = Base.lproj/LaunchScreen.storyboard; sourceTree = "<group>"; };
		B9043F5C1F92CD0600C0F923 /* Info.plist */ = {isa = PBXFileReference; lastKnownFileType = text.plist.xml; path = Info.plist; sourceTree = "<group>"; };
		B9043F631F92CD5800C0F923 /* AdaptiveCardsTest-Bridging-Header.h */ = {isa = PBXFileReference; lastKnownFileType = sourcecode.c.h; path = "AdaptiveCardsTest-Bridging-Header.h"; sourceTree = "<group>"; };
		B9D0C2791F92D66100B3CB11 /* hostconfig.json */ = {isa = PBXFileReference; lastKnownFileType = text.json; path = hostconfig.json; sourceTree = "<group>"; };
		B9D0C27B1F92D67000B3CB11 /* card.json */ = {isa = PBXFileReference; lastKnownFileType = text.json; path = card.json; sourceTree = "<group>"; };
		B9D0C27D1F92DF9500B3CB11 /* card2.json */ = {isa = PBXFileReference; lastKnownFileType = text.json; path = card2.json; sourceTree = "<group>"; };
/* End PBXFileReference section */

/* Begin PBXFrameworksBuildPhase section */
		B9043F4A1F92CD0600C0F923 /* Frameworks */ = {
			isa = PBXFrameworksBuildPhase;
			buildActionMask = 2147483647;
			files = (
				5097A7117040F290F609DE8A /* Pods_AdaptiveCardsTest.framework in Frameworks */,
			);
			runOnlyForDeploymentPostprocessing = 0;
		};
/* End PBXFrameworksBuildPhase section */

/* Begin PBXGroup section */
		97D8EF26D59D8F7AE362BA3F /* Pods */ = {
			isa = PBXGroup;
			children = (
				7C6256E55E4686F031A37EA5 /* Pods-AdaptiveCardsTest.debug.xcconfig */,
				4AAB59FF55C632B6F4F83ED6 /* Pods-AdaptiveCardsTest.release.xcconfig */,
			);
			name = Pods;
			sourceTree = "<group>";
		};
		B9043F441F92CD0600C0F923 = {
			isa = PBXGroup;
			children = (
				B9043F4F1F92CD0600C0F923 /* AdaptiveCardsTest */,
				B9043F4E1F92CD0600C0F923 /* Products */,
				97D8EF26D59D8F7AE362BA3F /* Pods */,
				E952960C1DD1003AA3BF3AE3 /* Frameworks */,
			);
			sourceTree = "<group>";
		};
		B9043F4E1F92CD0600C0F923 /* Products */ = {
			isa = PBXGroup;
			children = (
				B9043F4D1F92CD0600C0F923 /* AdaptiveCardsTest.app */,
			);
			name = Products;
			sourceTree = "<group>";
		};
		B9043F4F1F92CD0600C0F923 /* AdaptiveCardsTest */ = {
			isa = PBXGroup;
			children = (
				B9043F501F92CD0600C0F923 /* AppDelegate.swift */,
				B9043F521F92CD0600C0F923 /* ViewController.swift */,
				B9043F541F92CD0600C0F923 /* Main.storyboard */,
				B9043F571F92CD0600C0F923 /* Assets.xcassets */,
				B9043F591F92CD0600C0F923 /* LaunchScreen.storyboard */,
				B9043F5C1F92CD0600C0F923 /* Info.plist */,
				B9043F631F92CD5800C0F923 /* AdaptiveCardsTest-Bridging-Header.h */,
				B9D0C2791F92D66100B3CB11 /* hostconfig.json */,
				B9D0C27B1F92D67000B3CB11 /* card.json */,
				B9D0C27D1F92DF9500B3CB11 /* card2.json */,
			);
			path = AdaptiveCardsTest;
			sourceTree = "<group>";
		};
		E952960C1DD1003AA3BF3AE3 /* Frameworks */ = {
			isa = PBXGroup;
			children = (
				9496E19F798D260F3227A83E /* Pods_AdaptiveCardsTest.framework */,
			);
			name = Frameworks;
			sourceTree = "<group>";
		};
/* End PBXGroup section */

/* Begin PBXNativeTarget section */
		B9043F4C1F92CD0600C0F923 /* AdaptiveCardsTest */ = {
			isa = PBXNativeTarget;
			buildConfigurationList = B9043F5F1F92CD0600C0F923 /* Build configuration list for PBXNativeTarget "AdaptiveCardsTest" */;
			buildPhases = (
				236B4C8764182FBDE74663E6 /* [CP] Check Pods Manifest.lock */,
				B9043F491F92CD0600C0F923 /* Sources */,
				B9043F4A1F92CD0600C0F923 /* Frameworks */,
				B9043F4B1F92CD0600C0F923 /* Resources */,
				5FA5CF4BF06F9E9F49D6A129 /* [CP] Embed Pods Frameworks */,
				835371BDF56E01A337A66848 /* [CP] Copy Pods Resources */,
			);
			buildRules = (
			);
			dependencies = (
			);
			name = AdaptiveCardsTest;
			productName = AdaptiveCardsTest;
			productReference = B9043F4D1F92CD0600C0F923 /* AdaptiveCardsTest.app */;
			productType = "com.apple.product-type.application";
		};
/* End PBXNativeTarget section */

/* Begin PBXProject section */
		B9043F451F92CD0600C0F923 /* Project object */ = {
			isa = PBXProject;
			attributes = {
				LastSwiftUpdateCheck = 0900;
				LastUpgradeCheck = 0900;
				ORGANIZATIONNAME = "UHub Corp";
				TargetAttributes = {
					B9043F4C1F92CD0600C0F923 = {
						CreatedOnToolsVersion = 9.0;
						LastSwiftMigration = 0900;
						ProvisioningStyle = Automatic;
					};
				};
			};
			buildConfigurationList = B9043F481F92CD0600C0F923 /* Build configuration list for PBXProject "AdaptiveCardsTest" */;
			compatibilityVersion = "Xcode 8.0";
			developmentRegion = en;
			hasScannedForEncodings = 0;
			knownRegions = (
				en,
				Base,
			);
			mainGroup = B9043F441F92CD0600C0F923;
			productRefGroup = B9043F4E1F92CD0600C0F923 /* Products */;
			projectDirPath = "";
			projectRoot = "";
			targets = (
				B9043F4C1F92CD0600C0F923 /* AdaptiveCardsTest */,
			);
		};
/* End PBXProject section */

/* Begin PBXResourcesBuildPhase section */
		B9043F4B1F92CD0600C0F923 /* Resources */ = {
			isa = PBXResourcesBuildPhase;
			buildActionMask = 2147483647;
			files = (
				B9043F5B1F92CD0600C0F923 /* LaunchScreen.storyboard in Resources */,
				B9043F581F92CD0600C0F923 /* Assets.xcassets in Resources */,
				B9D0C27E1F92DF9500B3CB11 /* card2.json in Resources */,
				B9D0C27C1F92D67000B3CB11 /* card.json in Resources */,
				B9043F561F92CD0600C0F923 /* Main.storyboard in Resources */,
				B9D0C27A1F92D66100B3CB11 /* hostconfig.json in Resources */,
			);
			runOnlyForDeploymentPostprocessing = 0;
		};
/* End PBXResourcesBuildPhase section */

/* Begin PBXShellScriptBuildPhase section */
		236B4C8764182FBDE74663E6 /* [CP] Check Pods Manifest.lock */ = {
			isa = PBXShellScriptBuildPhase;
			buildActionMask = 2147483647;
			files = (
			);
			inputPaths = (
				"${PODS_PODFILE_DIR_PATH}/Podfile.lock",
				"${PODS_ROOT}/Manifest.lock",
			);
			name = "[CP] Check Pods Manifest.lock";
			outputPaths = (
				"$(DERIVED_FILE_DIR)/Pods-AdaptiveCardsTest-checkManifestLockResult.txt",
			);
			runOnlyForDeploymentPostprocessing = 0;
			shellPath = /bin/sh;
			shellScript = "diff \"${PODS_PODFILE_DIR_PATH}/Podfile.lock\" \"${PODS_ROOT}/Manifest.lock\" > /dev/null\nif [ $? != 0 ] ; then\n    # print error to STDERR\n    echo \"error: The sandbox is not in sync with the Podfile.lock. Run 'pod install' or update your CocoaPods installation.\" >&2\n    exit 1\nfi\n# This output is used by Xcode 'outputs' to avoid re-running this script phase.\necho \"SUCCESS\" > \"${SCRIPT_OUTPUT_FILE_0}\"\n";
			showEnvVarsInLog = 0;
		};
		5FA5CF4BF06F9E9F49D6A129 /* [CP] Embed Pods Frameworks */ = {
			isa = PBXShellScriptBuildPhase;
			buildActionMask = 2147483647;
			files = (
			);
			inputPaths = (
				"${SRCROOT}/Pods/Target Support Files/Pods-AdaptiveCardsTest/Pods-AdaptiveCardsTest-frameworks.sh",
				"${PODS_ROOT}/AdaptiveCards/AdaptiveCards.framework",
			);
			name = "[CP] Embed Pods Frameworks";
			outputPaths = (
				"${TARGET_BUILD_DIR}/${FRAMEWORKS_FOLDER_PATH}/AdaptiveCards.framework",
			);
			runOnlyForDeploymentPostprocessing = 0;
			shellPath = /bin/sh;
			shellScript = "\"${SRCROOT}/Pods/Target Support Files/Pods-AdaptiveCardsTest/Pods-AdaptiveCardsTest-frameworks.sh\"\n";
			showEnvVarsInLog = 0;
		};
		835371BDF56E01A337A66848 /* [CP] Copy Pods Resources */ = {
			isa = PBXShellScriptBuildPhase;
			buildActionMask = 2147483647;
			files = (
			);
			inputPaths = (
			);
			name = "[CP] Copy Pods Resources";
			outputPaths = (
			);
			runOnlyForDeploymentPostprocessing = 0;
			shellPath = /bin/sh;
			shellScript = "\"${SRCROOT}/Pods/Target Support Files/Pods-AdaptiveCardsTest/Pods-AdaptiveCardsTest-resources.sh\"\n";
			showEnvVarsInLog = 0;
		};
/* End PBXShellScriptBuildPhase section */

/* Begin PBXSourcesBuildPhase section */
		B9043F491F92CD0600C0F923 /* Sources */ = {
			isa = PBXSourcesBuildPhase;
			buildActionMask = 2147483647;
			files = (
				B9043F531F92CD0600C0F923 /* ViewController.swift in Sources */,
				B9043F511F92CD0600C0F923 /* AppDelegate.swift in Sources */,
			);
			runOnlyForDeploymentPostprocessing = 0;
		};
/* End PBXSourcesBuildPhase section */

/* Begin PBXVariantGroup section */
		B9043F541F92CD0600C0F923 /* Main.storyboard */ = {
			isa = PBXVariantGroup;
			children = (
				B9043F551F92CD0600C0F923 /* Base */,
			);
			name = Main.storyboard;
			sourceTree = "<group>";
		};
		B9043F591F92CD0600C0F923 /* LaunchScreen.storyboard */ = {
			isa = PBXVariantGroup;
			children = (
				B9043F5A1F92CD0600C0F923 /* Base */,
			);
			name = LaunchScreen.storyboard;
			sourceTree = "<group>";
		};
/* End PBXVariantGroup section */

/* Begin XCBuildConfiguration section */
		B9043F5D1F92CD0600C0F923 /* Debug */ = {
			isa = XCBuildConfiguration;
			buildSettings = {
				ALWAYS_SEARCH_USER_PATHS = NO;
				CLANG_ANALYZER_NONNULL = YES;
				CLANG_ANALYZER_NUMBER_OBJECT_CONVERSION = YES_AGGRESSIVE;
				CLANG_CXX_LANGUAGE_STANDARD = "gnu++14";
				CLANG_CXX_LIBRARY = "libc++";
				CLANG_ENABLE_MODULES = YES;
				CLANG_ENABLE_OBJC_ARC = YES;
				CLANG_WARN_BLOCK_CAPTURE_AUTORELEASING = YES;
				CLANG_WARN_BOOL_CONVERSION = YES;
				CLANG_WARN_COMMA = YES;
				CLANG_WARN_CONSTANT_CONVERSION = YES;
				CLANG_WARN_DIRECT_OBJC_ISA_USAGE = YES_ERROR;
				CLANG_WARN_DOCUMENTATION_COMMENTS = YES;
				CLANG_WARN_EMPTY_BODY = YES;
				CLANG_WARN_ENUM_CONVERSION = YES;
				CLANG_WARN_INFINITE_RECURSION = YES;
				CLANG_WARN_INT_CONVERSION = YES;
				CLANG_WARN_NON_LITERAL_NULL_CONVERSION = YES;
				CLANG_WARN_OBJC_LITERAL_CONVERSION = YES;
				CLANG_WARN_OBJC_ROOT_CLASS = YES_ERROR;
				CLANG_WARN_RANGE_LOOP_ANALYSIS = YES;
				CLANG_WARN_STRICT_PROTOTYPES = YES;
				CLANG_WARN_SUSPICIOUS_MOVE = YES;
				CLANG_WARN_UNGUARDED_AVAILABILITY = YES_AGGRESSIVE;
				CLANG_WARN_UNREACHABLE_CODE = YES;
				CLANG_WARN__DUPLICATE_METHOD_MATCH = YES;
				CODE_SIGN_IDENTITY = "iPhone Developer";
				COPY_PHASE_STRIP = NO;
				DEBUG_INFORMATION_FORMAT = dwarf;
				ENABLE_STRICT_OBJC_MSGSEND = YES;
				ENABLE_TESTABILITY = YES;
				GCC_C_LANGUAGE_STANDARD = gnu11;
				GCC_DYNAMIC_NO_PIC = NO;
				GCC_NO_COMMON_BLOCKS = YES;
				GCC_OPTIMIZATION_LEVEL = 0;
				GCC_PREPROCESSOR_DEFINITIONS = (
					"DEBUG=1",
					"$(inherited)",
				);
				GCC_WARN_64_TO_32_BIT_CONVERSION = YES;
				GCC_WARN_ABOUT_RETURN_TYPE = YES_ERROR;
				GCC_WARN_UNDECLARED_SELECTOR = YES;
				GCC_WARN_UNINITIALIZED_AUTOS = YES_AGGRESSIVE;
				GCC_WARN_UNUSED_FUNCTION = YES;
				GCC_WARN_UNUSED_VARIABLE = YES;
				IPHONEOS_DEPLOYMENT_TARGET = 11.0;
				MTL_ENABLE_DEBUG_INFO = YES;
				ONLY_ACTIVE_ARCH = YES;
				SDKROOT = iphoneos;
				SWIFT_ACTIVE_COMPILATION_CONDITIONS = DEBUG;
				SWIFT_OPTIMIZATION_LEVEL = "-Onone";
			};
			name = Debug;
		};
		B9043F5E1F92CD0600C0F923 /* Release */ = {
			isa = XCBuildConfiguration;
			buildSettings = {
				ALWAYS_SEARCH_USER_PATHS = NO;
				CLANG_ANALYZER_NONNULL = YES;
				CLANG_ANALYZER_NUMBER_OBJECT_CONVERSION = YES_AGGRESSIVE;
				CLANG_CXX_LANGUAGE_STANDARD = "gnu++14";
				CLANG_CXX_LIBRARY = "libc++";
				CLANG_ENABLE_MODULES = YES;
				CLANG_ENABLE_OBJC_ARC = YES;
				CLANG_WARN_BLOCK_CAPTURE_AUTORELEASING = YES;
				CLANG_WARN_BOOL_CONVERSION = YES;
				CLANG_WARN_COMMA = YES;
				CLANG_WARN_CONSTANT_CONVERSION = YES;
				CLANG_WARN_DIRECT_OBJC_ISA_USAGE = YES_ERROR;
				CLANG_WARN_DOCUMENTATION_COMMENTS = YES;
				CLANG_WARN_EMPTY_BODY = YES;
				CLANG_WARN_ENUM_CONVERSION = YES;
				CLANG_WARN_INFINITE_RECURSION = YES;
				CLANG_WARN_INT_CONVERSION = YES;
				CLANG_WARN_NON_LITERAL_NULL_CONVERSION = YES;
				CLANG_WARN_OBJC_LITERAL_CONVERSION = YES;
				CLANG_WARN_OBJC_ROOT_CLASS = YES_ERROR;
				CLANG_WARN_RANGE_LOOP_ANALYSIS = YES;
				CLANG_WARN_STRICT_PROTOTYPES = YES;
				CLANG_WARN_SUSPICIOUS_MOVE = YES;
				CLANG_WARN_UNGUARDED_AVAILABILITY = YES_AGGRESSIVE;
				CLANG_WARN_UNREACHABLE_CODE = YES;
				CLANG_WARN__DUPLICATE_METHOD_MATCH = YES;
				CODE_SIGN_IDENTITY = "iPhone Developer";
				COPY_PHASE_STRIP = NO;
				DEBUG_INFORMATION_FORMAT = "dwarf-with-dsym";
				ENABLE_NS_ASSERTIONS = NO;
				ENABLE_STRICT_OBJC_MSGSEND = YES;
				GCC_C_LANGUAGE_STANDARD = gnu11;
				GCC_NO_COMMON_BLOCKS = YES;
				GCC_WARN_64_TO_32_BIT_CONVERSION = YES;
				GCC_WARN_ABOUT_RETURN_TYPE = YES_ERROR;
				GCC_WARN_UNDECLARED_SELECTOR = YES;
				GCC_WARN_UNINITIALIZED_AUTOS = YES_AGGRESSIVE;
				GCC_WARN_UNUSED_FUNCTION = YES;
				GCC_WARN_UNUSED_VARIABLE = YES;
				IPHONEOS_DEPLOYMENT_TARGET = 11.0;
				MTL_ENABLE_DEBUG_INFO = NO;
				SDKROOT = iphoneos;
				SWIFT_OPTIMIZATION_LEVEL = "-Owholemodule";
				VALIDATE_PRODUCT = YES;
			};
			name = Release;
		};
		B9043F601F92CD0600C0F923 /* Debug */ = {
			isa = XCBuildConfiguration;
			baseConfigurationReference = 7C6256E55E4686F031A37EA5 /* Pods-AdaptiveCardsTest.debug.xcconfig */;
			buildSettings = {
				ASSETCATALOG_COMPILER_APPICON_NAME = AppIcon;
				CLANG_ENABLE_MODULES = YES;
				CODE_SIGN_STYLE = Automatic;
				DEVELOPMENT_TEAM = 7D36446CS9;
				INFOPLIST_FILE = AdaptiveCardsTest/Info.plist;
				LD_RUNPATH_SEARCH_PATHS = "$(inherited) @executable_path/Frameworks";
				PRODUCT_BUNDLE_IDENTIFIER = com.uhub.uchathealth.AdaptiveCardsTest;
				PRODUCT_NAME = "$(TARGET_NAME)";
				SWIFT_OBJC_BRIDGING_HEADER = "AdaptiveCardsTest/AdaptiveCardsTest-Bridging-Header.h";
				SWIFT_OPTIMIZATION_LEVEL = "-Onone";
				SWIFT_VERSION = 4.0;
				TARGETED_DEVICE_FAMILY = "1,2";
			};
			name = Debug;
		};
		B9043F611F92CD0600C0F923 /* Release */ = {
			isa = XCBuildConfiguration;
			baseConfigurationReference = 4AAB59FF55C632B6F4F83ED6 /* Pods-AdaptiveCardsTest.release.xcconfig */;
			buildSettings = {
				ASSETCATALOG_COMPILER_APPICON_NAME = AppIcon;
				CLANG_ENABLE_MODULES = YES;
				CODE_SIGN_STYLE = Automatic;
				DEVELOPMENT_TEAM = 7D36446CS9;
				INFOPLIST_FILE = AdaptiveCardsTest/Info.plist;
				LD_RUNPATH_SEARCH_PATHS = "$(inherited) @executable_path/Frameworks";
				PRODUCT_BUNDLE_IDENTIFIER = com.uhub.uchathealth.AdaptiveCardsTest;
				PRODUCT_NAME = "$(TARGET_NAME)";
				SWIFT_OBJC_BRIDGING_HEADER = "AdaptiveCardsTest/AdaptiveCardsTest-Bridging-Header.h";
				SWIFT_VERSION = 4.0;
				TARGETED_DEVICE_FAMILY = "1,2";
			};
			name = Release;
		};
/* End XCBuildConfiguration section */

/* Begin XCConfigurationList section */
		B9043F481F92CD0600C0F923 /* Build configuration list for PBXProject "AdaptiveCardsTest" */ = {
			isa = XCConfigurationList;
			buildConfigurations = (
				B9043F5D1F92CD0600C0F923 /* Debug */,
				B9043F5E1F92CD0600C0F923 /* Release */,
			);
			defaultConfigurationIsVisible = 0;
			defaultConfigurationName = Release;
		};
		B9043F5F1F92CD0600C0F923 /* Build configuration list for PBXNativeTarget "AdaptiveCardsTest" */ = {
			isa = XCConfigurationList;
			buildConfigurations = (
				B9043F601F92CD0600C0F923 /* Debug */,
				B9043F611F92CD0600C0F923 /* Release */,
			);
			defaultConfigurationIsVisible = 0;
			defaultConfigurationName = Release;
		};
/* End XCConfigurationList section */
	};
	rootObject = B9043F451F92CD0600C0F923 /* Project object */;
}
